// !$*UTF8*$!
{
	archiveVersion = 1;
	classes = {
	};
	objectVersion = 56;
	objects = {

/* Begin PBXBuildFile section */
		89421CDA29A90011009E21C2 /* DevoteApp.swift in Sources */ = {isa = PBXBuildFile; fileRef = 89421CD929A90011009E21C2 /* DevoteApp.swift */; };
		89421CDC29A90011009E21C2 /* ContentView.swift in Sources */ = {isa = PBXBuildFile; fileRef = 89421CDB29A90011009E21C2 /* ContentView.swift */; };
		89421CDE29A90013009E21C2 /* Assets.xcassets in Resources */ = {isa = PBXBuildFile; fileRef = 89421CDD29A90013009E21C2 /* Assets.xcassets */; };
		89421CE129A90013009E21C2 /* Preview Assets.xcassets in Resources */ = {isa = PBXBuildFile; fileRef = 89421CE029A90013009E21C2 /* Preview Assets.xcassets */; };
		89421CE329A90013009E21C2 /* Persistence.swift in Sources */ = {isa = PBXBuildFile; fileRef = 89421CE229A90013009E21C2 /* Persistence.swift */; };
		89421CE629A90013009E21C2 /* Devote.xcdatamodeld in Sources */ = {isa = PBXBuildFile; fileRef = 89421CE429A90013009E21C2 /* Devote.xcdatamodeld */; };
		89421CEF29A90083009E21C2 /* sound-tap.mp3 in Resources */ = {isa = PBXBuildFile; fileRef = 89421CEC29A90083009E21C2 /* sound-tap.mp3 */; };
		89421CF029A90083009E21C2 /* sound-ding.mp3 in Resources */ = {isa = PBXBuildFile; fileRef = 89421CED29A90083009E21C2 /* sound-ding.mp3 */; };
		89421CF129A90083009E21C2 /* sound-rise.mp3 in Resources */ = {isa = PBXBuildFile; fileRef = 89421CEE29A90083009E21C2 /* sound-rise.mp3 */; };
		89421CFE29A90761009E21C2 /* Constant.swift in Sources */ = {isa = PBXBuildFile; fileRef = 89421CFD29A90761009E21C2 /* Constant.swift */; };
		89421D0029AD1B7D009E21C2 /* HideKeyboardExtension.swift in Sources */ = {isa = PBXBuildFile; fileRef = 89421CFF29AD1B7D009E21C2 /* HideKeyboardExtension.swift */; };
		89421D0229AD1F68009E21C2 /* BackgroundImageView.swift in Sources */ = {isa = PBXBuildFile; fileRef = 89421D0129AD1F68009E21C2 /* BackgroundImageView.swift */; };
		89421D0429AE342F009E21C2 /* NewTaskItemView.swift in Sources */ = {isa = PBXBuildFile; fileRef = 89421D0329AE342F009E21C2 /* NewTaskItemView.swift */; };
		89421D0629AE37A2009E21C2 /* BlankView.swift in Sources */ = {isa = PBXBuildFile; fileRef = 89421D0529AE37A2009E21C2 /* BlankView.swift */; };
/* End PBXBuildFile section */

/* Begin PBXFileReference section */
		89421CD629A90011009E21C2 /* Devote.app */ = {isa = PBXFileReference; explicitFileType = wrapper.application; includeInIndex = 0; path = Devote.app; sourceTree = BUILT_PRODUCTS_DIR; };
		89421CD929A90011009E21C2 /* DevoteApp.swift */ = {isa = PBXFileReference; lastKnownFileType = sourcecode.swift; path = DevoteApp.swift; sourceTree = "<group>"; };
		89421CDB29A90011009E21C2 /* ContentView.swift */ = {isa = PBXFileReference; lastKnownFileType = sourcecode.swift; path = ContentView.swift; sourceTree = "<group>"; };
		89421CDD29A90013009E21C2 /* Assets.xcassets */ = {isa = PBXFileReference; lastKnownFileType = folder.assetcatalog; path = Assets.xcassets; sourceTree = "<group>"; };
		89421CE029A90013009E21C2 /* Preview Assets.xcassets */ = {isa = PBXFileReference; lastKnownFileType = folder.assetcatalog; path = "Preview Assets.xcassets"; sourceTree = "<group>"; };
		89421CE229A90013009E21C2 /* Persistence.swift */ = {isa = PBXFileReference; lastKnownFileType = sourcecode.swift; path = Persistence.swift; sourceTree = "<group>"; };
		89421CE529A90013009E21C2 /* Devote.xcdatamodel */ = {isa = PBXFileReference; lastKnownFileType = wrapper.xcdatamodel; path = Devote.xcdatamodel; sourceTree = "<group>"; };
		89421CEC29A90083009E21C2 /* sound-tap.mp3 */ = {isa = PBXFileReference; lastKnownFileType = audio.mp3; path = "sound-tap.mp3"; sourceTree = "<group>"; };
		89421CED29A90083009E21C2 /* sound-ding.mp3 */ = {isa = PBXFileReference; lastKnownFileType = audio.mp3; path = "sound-ding.mp3"; sourceTree = "<group>"; };
		89421CEE29A90083009E21C2 /* sound-rise.mp3 */ = {isa = PBXFileReference; lastKnownFileType = audio.mp3; path = "sound-rise.mp3"; sourceTree = "<group>"; };
		89421CF829A90102009E21C2 /* Info.plist */ = {isa = PBXFileReference; lastKnownFileType = text.plist; path = Info.plist; sourceTree = "<group>"; };
		89421CFD29A90761009E21C2 /* Constant.swift */ = {isa = PBXFileReference; lastKnownFileType = sourcecode.swift; path = Constant.swift; sourceTree = "<group>"; };
		89421CFF29AD1B7D009E21C2 /* HideKeyboardExtension.swift */ = {isa = PBXFileReference; lastKnownFileType = sourcecode.swift; path = HideKeyboardExtension.swift; sourceTree = "<group>"; };
		89421D0129AD1F68009E21C2 /* BackgroundImageView.swift */ = {isa = PBXFileReference; lastKnownFileType = sourcecode.swift; path = BackgroundImageView.swift; sourceTree = "<group>"; };
		89421D0329AE342F009E21C2 /* NewTaskItemView.swift */ = {isa = PBXFileReference; lastKnownFileType = sourcecode.swift; path = NewTaskItemView.swift; sourceTree = "<group>"; };
		89421D0529AE37A2009E21C2 /* BlankView.swift */ = {isa = PBXFileReference; lastKnownFileType = sourcecode.swift; path = BlankView.swift; sourceTree = "<group>"; };
/* End PBXFileReference section */

/* Begin PBXFrameworksBuildPhase section */
		89421CD329A90011009E21C2 /* Frameworks */ = {
			isa = PBXFrameworksBuildPhase;
			buildActionMask = 2147483647;
			files = (
			);
			runOnlyForDeploymentPostprocessing = 0;
		};
/* End PBXFrameworksBuildPhase section */

/* Begin PBXGroup section */
		89421CCD29A90011009E21C2 = {
			isa = PBXGroup;
			children = (
				89421CD829A90011009E21C2 /* Devote */,
				89421CD729A90011009E21C2 /* Products */,
			);
			sourceTree = "<group>";
		};
		89421CD729A90011009E21C2 /* Products */ = {
			isa = PBXGroup;
			children = (
				89421CD629A90011009E21C2 /* Devote.app */,
			);
			name = Products;
			sourceTree = "<group>";
		};
		89421CD829A90011009E21C2 /* Devote */ = {
			isa = PBXGroup;
			children = (
				89421CF829A90102009E21C2 /* Info.plist */,
				89421CDD29A90013009E21C2 /* Assets.xcassets */,
				89421CD929A90011009E21C2 /* DevoteApp.swift */,
				89421CF429A900AE009E21C2 /* Extension */,
				89421CF729A900D0009E21C2 /* Model */,
				89421CDF29A90013009E21C2 /* Preview Content */,
				89421CF229A90099009E21C2 /* Sound */,
				89421CF629A900BA009E21C2 /* Style */,
				89421CF529A900B4009E21C2 /* Utility */,
				89421CF329A900AA009E21C2 /* View */,
			);
			path = Devote;
			sourceTree = "<group>";
		};
		89421CDF29A90013009E21C2 /* Preview Content */ = {
			isa = PBXGroup;
			children = (
				89421CE029A90013009E21C2 /* Preview Assets.xcassets */,
			);
			path = "Preview Content";
			sourceTree = "<group>";
		};
		89421CF229A90099009E21C2 /* Sound */ = {
			isa = PBXGroup;
			children = (
				89421CED29A90083009E21C2 /* sound-ding.mp3 */,
				89421CEE29A90083009E21C2 /* sound-rise.mp3 */,
				89421CEC29A90083009E21C2 /* sound-tap.mp3 */,
			);
			path = Sound;
			sourceTree = "<group>";
		};
		89421CF329A900AA009E21C2 /* View */ = {
			isa = PBXGroup;
			children = (
				89421CDB29A90011009E21C2 /* ContentView.swift */,
				89421D0129AD1F68009E21C2 /* BackgroundImageView.swift */,
				89421D0329AE342F009E21C2 /* NewTaskItemView.swift */,
				89421D0529AE37A2009E21C2 /* BlankView.swift */,
			);
			path = View;
			sourceTree = "<group>";
		};
		89421CF429A900AE009E21C2 /* Extension */ = {
			isa = PBXGroup;
			children = (
				89421CFF29AD1B7D009E21C2 /* HideKeyboardExtension.swift */,
			);
			path = Extension;
			sourceTree = "<group>";
		};
		89421CF529A900B4009E21C2 /* Utility */ = {
			isa = PBXGroup;
			children = (
				89421CFD29A90761009E21C2 /* Constant.swift */,
			);
			path = Utility;
			sourceTree = "<group>";
		};
		89421CF629A900BA009E21C2 /* Style */ = {
			isa = PBXGroup;
			children = (
			);
			path = Style;
			sourceTree = "<group>";
		};
		89421CF729A900D0009E21C2 /* Model */ = {
			isa = PBXGroup;
			children = (
				89421CE229A90013009E21C2 /* Persistence.swift */,
				89421CE429A90013009E21C2 /* Devote.xcdatamodeld */,
			);
			path = Model;
			sourceTree = "<group>";
		};
/* End PBXGroup section */

/* Begin PBXNativeTarget section */
		89421CD529A90011009E21C2 /* Devote */ = {
			isa = PBXNativeTarget;
			buildConfigurationList = 89421CE929A90013009E21C2 /* Build configuration list for PBXNativeTarget "Devote" */;
			buildPhases = (
				89421CD229A90011009E21C2 /* Sources */,
				89421CD329A90011009E21C2 /* Frameworks */,
				89421CD429A90011009E21C2 /* Resources */,
			);
			buildRules = (
			);
			dependencies = (
			);
			name = Devote;
			productName = Devote;
			productReference = 89421CD629A90011009E21C2 /* Devote.app */;
			productType = "com.apple.product-type.application";
		};
/* End PBXNativeTarget section */

/* Begin PBXProject section */
		89421CCE29A90011009E21C2 /* Project object */ = {
			isa = PBXProject;
			attributes = {
				BuildIndependentTargetsInParallel = 1;
				LastSwiftUpdateCheck = 1400;
				LastUpgradeCheck = 1400;
				TargetAttributes = {
					89421CD529A90011009E21C2 = {
						CreatedOnToolsVersion = 14.0.1;
					};
				};
			};
			buildConfigurationList = 89421CD129A90011009E21C2 /* Build configuration list for PBXProject "Devote" */;
			compatibilityVersion = "Xcode 14.0";
			developmentRegion = en;
			hasScannedForEncodings = 0;
			knownRegions = (
				en,
				Base,
			);
			mainGroup = 89421CCD29A90011009E21C2;
			productRefGroup = 89421CD729A90011009E21C2 /* Products */;
			projectDirPath = "";
			projectRoot = "";
			targets = (
				89421CD529A90011009E21C2 /* Devote */,
			);
		};
/* End PBXProject section */

/* Begin PBXResourcesBuildPhase section */
		89421CD429A90011009E21C2 /* Resources */ = {
			isa = PBXResourcesBuildPhase;
			buildActionMask = 2147483647;
			files = (
				89421CF129A90083009E21C2 /* sound-rise.mp3 in Resources */,
				89421CF029A90083009E21C2 /* sound-ding.mp3 in Resources */,
				89421CEF29A90083009E21C2 /* sound-tap.mp3 in Resources */,
				89421CE129A90013009E21C2 /* Preview Assets.xcassets in Resources */,
				89421CDE29A90013009E21C2 /* Assets.xcassets in Resources */,
			);
			runOnlyForDeploymentPostprocessing = 0;
		};
/* End PBXResourcesBuildPhase section */

/* Begin PBXSourcesBuildPhase section */
		89421CD229A90011009E21C2 /* Sources */ = {
			isa = PBXSourcesBuildPhase;
			buildActionMask = 2147483647;
			files = (
				89421CE329A90013009E21C2 /* Persistence.swift in Sources */,
				89421D0229AD1F68009E21C2 /* BackgroundImageView.swift in Sources */,
				89421CDC29A90011009E21C2 /* ContentView.swift in Sources */,
				89421D0029AD1B7D009E21C2 /* HideKeyboardExtension.swift in Sources */,
				89421D0629AE37A2009E21C2 /* BlankView.swift in Sources */,
				89421CFE29A90761009E21C2 /* Constant.swift in Sources */,
				89421CE629A90013009E21C2 /* Devote.xcdatamodeld in Sources */,
				89421CDA29A90011009E21C2 /* DevoteApp.swift in Sources */,
				89421D0429AE342F009E21C2 /* NewTaskItemView.swift in Sources */,
			);
			runOnlyForDeploymentPostprocessing = 0;
		};
/* End PBXSourcesBuildPhase section */

/* Begin XCBuildConfiguration section */
		89421CE729A90013009E21C2 /* Debug */ = {
			isa = XCBuildConfiguration;
			buildSettings = {
				ALWAYS_SEARCH_USER_PATHS = NO;
				CLANG_ANALYZER_NONNULL = YES;
				CLANG_ANALYZER_NUMBER_OBJECT_CONVERSION = YES_AGGRESSIVE;
				CLANG_CXX_LANGUAGE_STANDARD = "gnu++20";
				CLANG_ENABLE_MODULES = YES;
				CLANG_ENABLE_OBJC_ARC = YES;
				CLANG_ENABLE_OBJC_WEAK = YES;
				CLANG_WARN_BLOCK_CAPTURE_AUTORELEASING = YES;
				CLANG_WARN_BOOL_CONVERSION = YES;
				CLANG_WARN_COMMA = YES;
				CLANG_WARN_CONSTANT_CONVERSION = YES;
				CLANG_WARN_DEPRECATED_OBJC_IMPLEMENTATIONS = YES;
				CLANG_WARN_DIRECT_OBJC_ISA_USAGE = YES_ERROR;
				CLANG_WARN_DOCUMENTATION_COMMENTS = YES;
				CLANG_WARN_EMPTY_BODY = YES;
				CLANG_WARN_ENUM_CONVERSION = YES;
				CLANG_WARN_INFINITE_RECURSION = YES;
				CLANG_WARN_INT_CONVERSION = YES;
				CLANG_WARN_NON_LITERAL_NULL_CONVERSION = YES;
				CLANG_WARN_OBJC_IMPLICIT_RETAIN_SELF = YES;
				CLANG_WARN_OBJC_LITERAL_CONVERSION = YES;
				CLANG_WARN_OBJC_ROOT_CLASS = YES_ERROR;
				CLANG_WARN_QUOTED_INCLUDE_IN_FRAMEWORK_HEADER = YES;
				CLANG_WARN_RANGE_LOOP_ANALYSIS = YES;
				CLANG_WARN_STRICT_PROTOTYPES = YES;
				CLANG_WARN_SUSPICIOUS_MOVE = YES;
				CLANG_WARN_UNGUARDED_AVAILABILITY = YES_AGGRESSIVE;
				CLANG_WARN_UNREACHABLE_CODE = YES;
				CLANG_WARN__DUPLICATE_METHOD_MATCH = YES;
				COPY_PHASE_STRIP = NO;
				DEBUG_INFORMATION_FORMAT = dwarf;
				ENABLE_STRICT_OBJC_MSGSEND = YES;
				ENABLE_TESTABILITY = YES;
				GCC_C_LANGUAGE_STANDARD = gnu11;
				GCC_DYNAMIC_NO_PIC = NO;
				GCC_NO_COMMON_BLOCKS = YES;
				GCC_OPTIMIZATION_LEVEL = 0;
				GCC_PREPROCESSOR_DEFINITIONS = (
					"DEBUG=1",
					"$(inherited)",
				);
				GCC_WARN_64_TO_32_BIT_CONVERSION = YES;
				GCC_WARN_ABOUT_RETURN_TYPE = YES_ERROR;
				GCC_WARN_UNDECLARED_SELECTOR = YES;
				GCC_WARN_UNINITIALIZED_AUTOS = YES_AGGRESSIVE;
				GCC_WARN_UNUSED_FUNCTION = YES;
				GCC_WARN_UNUSED_VARIABLE = YES;
				IPHONEOS_DEPLOYMENT_TARGET = 16.0;
				MTL_ENABLE_DEBUG_INFO = INCLUDE_SOURCE;
				MTL_FAST_MATH = YES;
				ONLY_ACTIVE_ARCH = YES;
				SDKROOT = iphoneos;
				SWIFT_ACTIVE_COMPILATION_CONDITIONS = DEBUG;
				SWIFT_OPTIMIZATION_LEVEL = "-Onone";
			};
			name = Debug;
		};
		89421CE829A90013009E21C2 /* Release */ = {
			isa = XCBuildConfiguration;
			buildSettings = {
				ALWAYS_SEARCH_USER_PATHS = NO;
				CLANG_ANALYZER_NONNULL = YES;
				CLANG_ANALYZER_NUMBER_OBJECT_CONVERSION = YES_AGGRESSIVE;
				CLANG_CXX_LANGUAGE_STANDARD = "gnu++20";
				CLANG_ENABLE_MODULES = YES;
				CLANG_ENABLE_OBJC_ARC = YES;
				CLANG_ENABLE_OBJC_WEAK = YES;
				CLANG_WARN_BLOCK_CAPTURE_AUTORELEASING = YES;
				CLANG_WARN_BOOL_CONVERSION = YES;
				CLANG_WARN_COMMA = YES;
				CLANG_WARN_CONSTANT_CONVERSION = YES;
				CLANG_WARN_DEPRECATED_OBJC_IMPLEMENTATIONS = YES;
				CLANG_WARN_DIRECT_OBJC_ISA_USAGE = YES_ERROR;
				CLANG_WARN_DOCUMENTATION_COMMENTS = YES;
				CLANG_WARN_EMPTY_BODY = YES;
				CLANG_WARN_ENUM_CONVERSION = YES;
				CLANG_WARN_INFINITE_RECURSION = YES;
				CLANG_WARN_INT_CONVERSION = YES;
				CLANG_WARN_NON_LITERAL_NULL_CONVERSION = YES;
				CLANG_WARN_OBJC_IMPLICIT_RETAIN_SELF = YES;
				CLANG_WARN_OBJC_LITERAL_CONVERSION = YES;
				CLANG_WARN_OBJC_ROOT_CLASS = YES_ERROR;
				CLANG_WARN_QUOTED_INCLUDE_IN_FRAMEWORK_HEADER = YES;
				CLANG_WARN_RANGE_LOOP_ANALYSIS = YES;
				CLANG_WARN_STRICT_PROTOTYPES = YES;
				CLANG_WARN_SUSPICIOUS_MOVE = YES;
				CLANG_WARN_UNGUARDED_AVAILABILITY = YES_AGGRESSIVE;
				CLANG_WARN_UNREACHABLE_CODE = YES;
				CLANG_WARN__DUPLICATE_METHOD_MATCH = YES;
				COPY_PHASE_STRIP = NO;
				DEBUG_INFORMATION_FORMAT = "dwarf-with-dsym";
				ENABLE_NS_ASSERTIONS = NO;
				ENABLE_STRICT_OBJC_MSGSEND = YES;
				GCC_C_LANGUAGE_STANDARD = gnu11;
				GCC_NO_COMMON_BLOCKS = YES;
				GCC_WARN_64_TO_32_BIT_CONVERSION = YES;
				GCC_WARN_ABOUT_RETURN_TYPE = YES_ERROR;
				GCC_WARN_UNDECLARED_SELECTOR = YES;
				GCC_WARN_UNINITIALIZED_AUTOS = YES_AGGRESSIVE;
				GCC_WARN_UNUSED_FUNCTION = YES;
				GCC_WARN_UNUSED_VARIABLE = YES;
				IPHONEOS_DEPLOYMENT_TARGET = 16.0;
				MTL_ENABLE_DEBUG_INFO = NO;
				MTL_FAST_MATH = YES;
				SDKROOT = iphoneos;
				SWIFT_COMPILATION_MODE = wholemodule;
				SWIFT_OPTIMIZATION_LEVEL = "-O";
				VALIDATE_PRODUCT = YES;
			};
			name = Release;
		};
		89421CEA29A90013009E21C2 /* Debug */ = {
			isa = XCBuildConfiguration;
			buildSettings = {
				ASSETCATALOG_COMPILER_APPICON_NAME = AppIcon;
				ASSETCATALOG_COMPILER_GLOBAL_ACCENT_COLOR_NAME = AccentColor;
				CODE_SIGN_STYLE = Automatic;
				CURRENT_PROJECT_VERSION = 1;
				DEVELOPMENT_ASSET_PATHS = "\"Devote/Preview Content\"";
				ENABLE_PREVIEWS = YES;
				GENERATE_INFOPLIST_FILE = YES;
				INFOPLIST_FILE = Devote/Info.plist;
				INFOPLIST_KEY_UIApplicationSceneManifest_Generation = YES;
				INFOPLIST_KEY_UIApplicationSupportsIndirectInputEvents = YES;
				INFOPLIST_KEY_UISupportedInterfaceOrientations = UIInterfaceOrientationPortrait;
				LD_RUNPATH_SEARCH_PATHS = (
					"$(inherited)",
					"@executable_path/Frameworks",
				);
				MARKETING_VERSION = 1.0;
				PRODUCT_BUNDLE_IDENTIFIER = carvalhofroesrafa.Devote;
				PRODUCT_NAME = "$(TARGET_NAME)";
				SWIFT_EMIT_LOC_STRINGS = YES;
				SWIFT_VERSION = 5.0;
				TARGETED_DEVICE_FAMILY = "1,2";
			};
			name = Debug;
		};
		89421CEB29A90013009E21C2 /* Release */ = {
			isa = XCBuildConfiguration;
			buildSettings = {
				ASSETCATALOG_COMPILER_APPICON_NAME = AppIcon;
				ASSETCATALOG_COMPILER_GLOBAL_ACCENT_COLOR_NAME = AccentColor;
				CODE_SIGN_STYLE = Automatic;
				CURRENT_PROJECT_VERSION = 1;
				DEVELOPMENT_ASSET_PATHS = "\"Devote/Preview Content\"";
				ENABLE_PREVIEWS = YES;
				GENERATE_INFOPLIST_FILE = YES;
				INFOPLIST_FILE = Devote/Info.plist;
				INFOPLIST_KEY_UIApplicationSceneManifest_Generation = YES;
				INFOPLIST_KEY_UIApplicationSupportsIndirectInputEvents = YES;
				INFOPLIST_KEY_UISupportedInterfaceOrientations = UIInterfaceOrientationPortrait;
				LD_RUNPATH_SEARCH_PATHS = (
					"$(inherited)",
					"@executable_path/Frameworks",
				);
				MARKETING_VERSION = 1.0;
				PRODUCT_BUNDLE_IDENTIFIER = carvalhofroesrafa.Devote;
				PRODUCT_NAME = "$(TARGET_NAME)";
				SWIFT_EMIT_LOC_STRINGS = YES;
				SWIFT_VERSION = 5.0;
				TARGETED_DEVICE_FAMILY = "1,2";
			};
			name = Release;
		};
/* End XCBuildConfiguration section */

/* Begin XCConfigurationList section */
		89421CD129A90011009E21C2 /* Build configuration list for PBXProject "Devote" */ = {
			isa = XCConfigurationList;
			buildConfigurations = (
				89421CE729A90013009E21C2 /* Debug */,
				89421CE829A90013009E21C2 /* Release */,
			);
			defaultConfigurationIsVisible = 0;
			defaultConfigurationName = Release;
		};
		89421CE929A90013009E21C2 /* Build configuration list for PBXNativeTarget "Devote" */ = {
			isa = XCConfigurationList;
			buildConfigurations = (
				89421CEA29A90013009E21C2 /* Debug */,
				89421CEB29A90013009E21C2 /* Release */,
			);
			defaultConfigurationIsVisible = 0;
			defaultConfigurationName = Release;
		};
/* End XCConfigurationList section */

/* Begin XCVersionGroup section */
		89421CE429A90013009E21C2 /* Devote.xcdatamodeld */ = {
			isa = XCVersionGroup;
			children = (
				89421CE529A90013009E21C2 /* Devote.xcdatamodel */,
			);
			currentVersion = 89421CE529A90013009E21C2 /* Devote.xcdatamodel */;
			path = Devote.xcdatamodeld;
			sourceTree = "<group>";
			versionGroupType = wrapper.xcdatamodel;
		};
/* End XCVersionGroup section */
	};
	rootObject = 89421CCE29A90011009E21C2 /* Project object */;
}
